// !$*UTF8*$!
{
	archiveVersion = 1;
	classes = {
	};
	objectVersion = 50;
	objects = {

/* Begin PBXBuildFile section */
		648162F0248E6BD600A8CE8D /* AppDelegate.swift in Sources */ = {isa = PBXBuildFile; fileRef = 648162EF248E6BD600A8CE8D /* AppDelegate.swift */; };
		648162F2248E6BD600A8CE8D /* SceneDelegate.swift in Sources */ = {isa = PBXBuildFile; fileRef = 648162F1248E6BD600A8CE8D /* SceneDelegate.swift */; };
		648162F5248E6BD600A8CE8D /* ctydelivery.xcdatamodeld in Sources */ = {isa = PBXBuildFile; fileRef = 648162F3248E6BD600A8CE8D /* ctydelivery.xcdatamodeld */; };
		648162F7248E6BD600A8CE8D /* ContentView.swift in Sources */ = {isa = PBXBuildFile; fileRef = 648162F6248E6BD600A8CE8D /* ContentView.swift */; };
		648162F9248E6BDF00A8CE8D /* Assets.xcassets in Resources */ = {isa = PBXBuildFile; fileRef = 648162F8248E6BDF00A8CE8D /* Assets.xcassets */; };
		648162FC248E6BDF00A8CE8D /* Preview Assets.xcassets in Resources */ = {isa = PBXBuildFile; fileRef = 648162FB248E6BDF00A8CE8D /* Preview Assets.xcassets */; };
		648162FF248E6BDF00A8CE8D /* LaunchScreen.storyboard in Resources */ = {isa = PBXBuildFile; fileRef = 648162FD248E6BDF00A8CE8D /* LaunchScreen.storyboard */; };
		6481630A248E6BE000A8CE8D /* ctydeliveryTests.swift in Sources */ = {isa = PBXBuildFile; fileRef = 64816309248E6BE000A8CE8D /* ctydeliveryTests.swift */; };
		64816315248E6BE000A8CE8D /* ctydeliveryUITests.swift in Sources */ = {isa = PBXBuildFile; fileRef = 64816314248E6BE000A8CE8D /* ctydeliveryUITests.swift */; };
/* End PBXBuildFile section */

/* Begin PBXContainerItemProxy section */
		64816306248E6BE000A8CE8D /* PBXContainerItemProxy */ = {
			isa = PBXContainerItemProxy;
			containerPortal = 648162E4248E6BD600A8CE8D /* Project object */;
			proxyType = 1;
			remoteGlobalIDString = 648162EB248E6BD600A8CE8D;
			remoteInfo = ctydelivery;
		};
		64816311248E6BE000A8CE8D /* PBXContainerItemProxy */ = {
			isa = PBXContainerItemProxy;
			containerPortal = 648162E4248E6BD600A8CE8D /* Project object */;
			proxyType = 1;
			remoteGlobalIDString = 648162EB248E6BD600A8CE8D;
			remoteInfo = ctydelivery;
		};
/* End PBXContainerItemProxy section */

/* Begin PBXFileReference section */
		648162EC248E6BD600A8CE8D /* ctydelivery.app */ = {isa = PBXFileReference; explicitFileType = wrapper.application; includeInIndex = 0; path = ctydelivery.app; sourceTree = BUILT_PRODUCTS_DIR; };
		648162EF248E6BD600A8CE8D /* AppDelegate.swift */ = {isa = PBXFileReference; lastKnownFileType = sourcecode.swift; path = AppDelegate.swift; sourceTree = "<group>"; };
		648162F1248E6BD600A8CE8D /* SceneDelegate.swift */ = {isa = PBXFileReference; lastKnownFileType = sourcecode.swift; path = SceneDelegate.swift; sourceTree = "<group>"; };
		648162F4248E6BD600A8CE8D /* ctydelivery.xcdatamodel */ = {isa = PBXFileReference; lastKnownFileType = wrapper.xcdatamodel; path = ctydelivery.xcdatamodel; sourceTree = "<group>"; };
		648162F6248E6BD600A8CE8D /* ContentView.swift */ = {isa = PBXFileReference; lastKnownFileType = sourcecode.swift; path = ContentView.swift; sourceTree = "<group>"; };
		648162F8248E6BDF00A8CE8D /* Assets.xcassets */ = {isa = PBXFileReference; lastKnownFileType = folder.assetcatalog; path = Assets.xcassets; sourceTree = "<group>"; };
		648162FB248E6BDF00A8CE8D /* Preview Assets.xcassets */ = {isa = PBXFileReference; lastKnownFileType = folder.assetcatalog; path = "Preview Assets.xcassets"; sourceTree = "<group>"; };
		648162FE248E6BDF00A8CE8D /* Base */ = {isa = PBXFileReference; lastKnownFileType = file.storyboard; name = Base; path = Base.lproj/LaunchScreen.storyboard; sourceTree = "<group>"; };
		64816300248E6BDF00A8CE8D /* Info.plist */ = {isa = PBXFileReference; lastKnownFileType = text.plist.xml; path = Info.plist; sourceTree = "<group>"; };
		64816305248E6BE000A8CE8D /* ctydeliveryTests.xctest */ = {isa = PBXFileReference; explicitFileType = wrapper.cfbundle; includeInIndex = 0; path = ctydeliveryTests.xctest; sourceTree = BUILT_PRODUCTS_DIR; };
		64816309248E6BE000A8CE8D /* ctydeliveryTests.swift */ = {isa = PBXFileReference; lastKnownFileType = sourcecode.swift; path = ctydeliveryTests.swift; sourceTree = "<group>"; };
		6481630B248E6BE000A8CE8D /* Info.plist */ = {isa = PBXFileReference; lastKnownFileType = text.plist.xml; path = Info.plist; sourceTree = "<group>"; };
		64816310248E6BE000A8CE8D /* ctydeliveryUITests.xctest */ = {isa = PBXFileReference; explicitFileType = wrapper.cfbundle; includeInIndex = 0; path = ctydeliveryUITests.xctest; sourceTree = BUILT_PRODUCTS_DIR; };
		64816314248E6BE000A8CE8D /* ctydeliveryUITests.swift */ = {isa = PBXFileReference; lastKnownFileType = sourcecode.swift; path = ctydeliveryUITests.swift; sourceTree = "<group>"; };
		64816316248E6BE000A8CE8D /* Info.plist */ = {isa = PBXFileReference; lastKnownFileType = text.plist.xml; path = Info.plist; sourceTree = "<group>"; };
/* End PBXFileReference section */

/* Begin PBXFrameworksBuildPhase section */
		648162E9248E6BD600A8CE8D /* Frameworks */ = {
			isa = PBXFrameworksBuildPhase;
			buildActionMask = 2147483647;
			files = (
			);
			runOnlyForDeploymentPostprocessing = 0;
		};
		64816302248E6BE000A8CE8D /* Frameworks */ = {
			isa = PBXFrameworksBuildPhase;
			buildActionMask = 2147483647;
			files = (
			);
			runOnlyForDeploymentPostprocessing = 0;
		};
		6481630D248E6BE000A8CE8D /* Frameworks */ = {
			isa = PBXFrameworksBuildPhase;
			buildActionMask = 2147483647;
			files = (
			);
			runOnlyForDeploymentPostprocessing = 0;
		};
/* End PBXFrameworksBuildPhase section */

/* Begin PBXGroup section */
		648162E3248E6BD600A8CE8D = {
			isa = PBXGroup;
			children = (
				648162EE248E6BD600A8CE8D /* ctydelivery */,
				64816308248E6BE000A8CE8D /* ctydeliveryTests */,
				64816313248E6BE000A8CE8D /* ctydeliveryUITests */,
				648162ED248E6BD600A8CE8D /* Products */,
			);
			sourceTree = "<group>";
		};
		648162ED248E6BD600A8CE8D /* Products */ = {
			isa = PBXGroup;
			children = (
				648162EC248E6BD600A8CE8D /* ctydelivery.app */,
				64816305248E6BE000A8CE8D /* ctydeliveryTests.xctest */,
				64816310248E6BE000A8CE8D /* ctydeliveryUITests.xctest */,
			);
			name = Products;
			sourceTree = "<group>";
		};
		648162EE248E6BD600A8CE8D /* ctydelivery */ = {
			isa = PBXGroup;
			children = (
				648162EF248E6BD600A8CE8D /* AppDelegate.swift */,
				648162F1248E6BD600A8CE8D /* SceneDelegate.swift */,
				648162F6248E6BD600A8CE8D /* ContentView.swift */,
				648162F8248E6BDF00A8CE8D /* Assets.xcassets */,
				648162FD248E6BDF00A8CE8D /* LaunchScreen.storyboard */,
				64816300248E6BDF00A8CE8D /* Info.plist */,
				648162F3248E6BD600A8CE8D /* ctydelivery.xcdatamodeld */,
				648162FA248E6BDF00A8CE8D /* Preview Content */,
			);
			path = ctydelivery;
			sourceTree = "<group>";
		};
		648162FA248E6BDF00A8CE8D /* Preview Content */ = {
			isa = PBXGroup;
			children = (
				648162FB248E6BDF00A8CE8D /* Preview Assets.xcassets */,
			);
			path = "Preview Content";
			sourceTree = "<group>";
		};
		64816308248E6BE000A8CE8D /* ctydeliveryTests */ = {
			isa = PBXGroup;
			children = (
				64816309248E6BE000A8CE8D /* ctydeliveryTests.swift */,
				6481630B248E6BE000A8CE8D /* Info.plist */,
			);
			path = ctydeliveryTests;
			sourceTree = "<group>";
		};
		64816313248E6BE000A8CE8D /* ctydeliveryUITests */ = {
			isa = PBXGroup;
			children = (
				64816314248E6BE000A8CE8D /* ctydeliveryUITests.swift */,
				64816316248E6BE000A8CE8D /* Info.plist */,
			);
			path = ctydeliveryUITests;
			sourceTree = "<group>";
		};
/* End PBXGroup section */

/* Begin PBXNativeTarget section */
		648162EB248E6BD600A8CE8D /* ctydelivery */ = {
			isa = PBXNativeTarget;
			buildConfigurationList = 64816319248E6BE000A8CE8D /* Build configuration list for PBXNativeTarget "ctydelivery" */;
			buildPhases = (
				648162E8248E6BD600A8CE8D /* Sources */,
				648162E9248E6BD600A8CE8D /* Frameworks */,
				648162EA248E6BD600A8CE8D /* Resources */,
			);
			buildRules = (
			);
			dependencies = (
			);
			name = ctydelivery;
			productName = ctydelivery;
			productReference = 648162EC248E6BD600A8CE8D /* ctydelivery.app */;
			productType = "com.apple.product-type.application";
		};
		64816304248E6BE000A8CE8D /* ctydeliveryTests */ = {
			isa = PBXNativeTarget;
			buildConfigurationList = 6481631C248E6BE000A8CE8D /* Build configuration list for PBXNativeTarget "ctydeliveryTests" */;
			buildPhases = (
				64816301248E6BE000A8CE8D /* Sources */,
				64816302248E6BE000A8CE8D /* Frameworks */,
				64816303248E6BE000A8CE8D /* Resources */,
			);
			buildRules = (
			);
			dependencies = (
				64816307248E6BE000A8CE8D /* PBXTargetDependency */,
			);
			name = ctydeliveryTests;
			productName = ctydeliveryTests;
			productReference = 64816305248E6BE000A8CE8D /* ctydeliveryTests.xctest */;
			productType = "com.apple.product-type.bundle.unit-test";
		};
		6481630F248E6BE000A8CE8D /* ctydeliveryUITests */ = {
			isa = PBXNativeTarget;
			buildConfigurationList = 6481631F248E6BE000A8CE8D /* Build configuration list for PBXNativeTarget "ctydeliveryUITests" */;
			buildPhases = (
				6481630C248E6BE000A8CE8D /* Sources */,
				6481630D248E6BE000A8CE8D /* Frameworks */,
				6481630E248E6BE000A8CE8D /* Resources */,
			);
			buildRules = (
			);
			dependencies = (
				64816312248E6BE000A8CE8D /* PBXTargetDependency */,
			);
			name = ctydeliveryUITests;
			productName = ctydeliveryUITests;
			productReference = 64816310248E6BE000A8CE8D /* ctydeliveryUITests.xctest */;
			productType = "com.apple.product-type.bundle.ui-testing";
		};
/* End PBXNativeTarget section */

/* Begin PBXProject section */
		648162E4248E6BD600A8CE8D /* Project object */ = {
			isa = PBXProject;
			attributes = {
				LastSwiftUpdateCheck = 1150;
				LastUpgradeCheck = 1150;
				ORGANIZATIONNAME = Miklos;
				TargetAttributes = {
					648162EB248E6BD600A8CE8D = {
						CreatedOnToolsVersion = 11.5;
					};
					64816304248E6BE000A8CE8D = {
						CreatedOnToolsVersion = 11.5;
						TestTargetID = 648162EB248E6BD600A8CE8D;
					};
					6481630F248E6BE000A8CE8D = {
						CreatedOnToolsVersion = 11.5;
						TestTargetID = 648162EB248E6BD600A8CE8D;
					};
				};
			};
			buildConfigurationList = 648162E7248E6BD600A8CE8D /* Build configuration list for PBXProject "ctydelivery" */;
			compatibilityVersion = "Xcode 9.3";
			developmentRegion = en;
			hasScannedForEncodings = 0;
			knownRegions = (
				en,
				Base,
			);
			mainGroup = 648162E3248E6BD600A8CE8D;
			productRefGroup = 648162ED248E6BD600A8CE8D /* Products */;
			projectDirPath = "";
			projectRoot = "";
			targets = (
				648162EB248E6BD600A8CE8D /* ctydelivery */,
				64816304248E6BE000A8CE8D /* ctydeliveryTests */,
				6481630F248E6BE000A8CE8D /* ctydeliveryUITests */,
			);
		};
/* End PBXProject section */

/* Begin PBXResourcesBuildPhase section */
		648162EA248E6BD600A8CE8D /* Resources */ = {
			isa = PBXResourcesBuildPhase;
			buildActionMask = 2147483647;
			files = (
				648162FF248E6BDF00A8CE8D /* LaunchScreen.storyboard in Resources */,
				648162FC248E6BDF00A8CE8D /* Preview Assets.xcassets in Resources */,
				648162F9248E6BDF00A8CE8D /* Assets.xcassets in Resources */,
			);
			runOnlyForDeploymentPostprocessing = 0;
		};
		64816303248E6BE000A8CE8D /* Resources */ = {
			isa = PBXResourcesBuildPhase;
			buildActionMask = 2147483647;
			files = (
			);
			runOnlyForDeploymentPostprocessing = 0;
		};
		6481630E248E6BE000A8CE8D /* Resources */ = {
			isa = PBXResourcesBuildPhase;
			buildActionMask = 2147483647;
			files = (
			);
			runOnlyForDeploymentPostprocessing = 0;
		};
/* End PBXResourcesBuildPhase section */

/* Begin PBXSourcesBuildPhase section */
		648162E8248E6BD600A8CE8D /* Sources */ = {
			isa = PBXSourcesBuildPhase;
			buildActionMask = 2147483647;
			files = (
				648162F5248E6BD600A8CE8D /* ctydelivery.xcdatamodeld in Sources */,
				648162F0248E6BD600A8CE8D /* AppDelegate.swift in Sources */,
				648162F7248E6BD600A8CE8D /* ContentView.swift in Sources */,
				648162F2248E6BD600A8CE8D /* SceneDelegate.swift in Sources */,
			);
			runOnlyForDeploymentPostprocessing = 0;
		};
		64816301248E6BE000A8CE8D /* Sources */ = {
			isa = PBXSourcesBuildPhase;
			buildActionMask = 2147483647;
			files = (
				6481630A248E6BE000A8CE8D /* ctydeliveryTests.swift in Sources */,
			);
			runOnlyForDeploymentPostprocessing = 0;
		};
		6481630C248E6BE000A8CE8D /* Sources */ = {
			isa = PBXSourcesBuildPhase;
			buildActionMask = 2147483647;
			files = (
				64816315248E6BE000A8CE8D /* ctydeliveryUITests.swift in Sources */,
			);
			runOnlyForDeploymentPostprocessing = 0;
		};
/* End PBXSourcesBuildPhase section */

/* Begin PBXTargetDependency section */
		64816307248E6BE000A8CE8D /* PBXTargetDependency */ = {
			isa = PBXTargetDependency;
			target = 648162EB248E6BD600A8CE8D /* ctydelivery */;
			targetProxy = 64816306248E6BE000A8CE8D /* PBXContainerItemProxy */;
		};
		64816312248E6BE000A8CE8D /* PBXTargetDependency */ = {
			isa = PBXTargetDependency;
			target = 648162EB248E6BD600A8CE8D /* ctydelivery */;
			targetProxy = 64816311248E6BE000A8CE8D /* PBXContainerItemProxy */;
		};
/* End PBXTargetDependency section */

/* Begin PBXVariantGroup section */
		648162FD248E6BDF00A8CE8D /* LaunchScreen.storyboard */ = {
			isa = PBXVariantGroup;
			children = (
				648162FE248E6BDF00A8CE8D /* Base */,
			);
			name = LaunchScreen.storyboard;
			sourceTree = "<group>";
		};
/* End PBXVariantGroup section */

/* Begin XCBuildConfiguration section */
		64816317248E6BE000A8CE8D /* Debug */ = {
			isa = XCBuildConfiguration;
			buildSettings = {
				ALWAYS_SEARCH_USER_PATHS = NO;
				CLANG_ANALYZER_NONNULL = YES;
				CLANG_ANALYZER_NUMBER_OBJECT_CONVERSION = YES_AGGRESSIVE;
				CLANG_CXX_LANGUAGE_STANDARD = "gnu++14";
				CLANG_CXX_LIBRARY = "libc++";
				CLANG_ENABLE_MODULES = YES;
				CLANG_ENABLE_OBJC_ARC = YES;
				CLANG_ENABLE_OBJC_WEAK = YES;
				CLANG_WARN_BLOCK_CAPTURE_AUTORELEASING = YES;
				CLANG_WARN_BOOL_CONVERSION = YES;
				CLANG_WARN_COMMA = YES;
				CLANG_WARN_CONSTANT_CONVERSION = YES;
				CLANG_WARN_DEPRECATED_OBJC_IMPLEMENTATIONS = YES;
				CLANG_WARN_DIRECT_OBJC_ISA_USAGE = YES_ERROR;
				CLANG_WARN_DOCUMENTATION_COMMENTS = YES;
				CLANG_WARN_EMPTY_BODY = YES;
				CLANG_WARN_ENUM_CONVERSION = YES;
				CLANG_WARN_INFINITE_RECURSION = YES;
				CLANG_WARN_INT_CONVERSION = YES;
				CLANG_WARN_NON_LITERAL_NULL_CONVERSION = YES;
				CLANG_WARN_OBJC_IMPLICIT_RETAIN_SELF = YES;
				CLANG_WARN_OBJC_LITERAL_CONVERSION = YES;
				CLANG_WARN_OBJC_ROOT_CLASS = YES_ERROR;
				CLANG_WARN_RANGE_LOOP_ANALYSIS = YES;
				CLANG_WARN_STRICT_PROTOTYPES = YES;
				CLANG_WARN_SUSPICIOUS_MOVE = YES;
				CLANG_WARN_UNGUARDED_AVAILABILITY = YES_AGGRESSIVE;
				CLANG_WARN_UNREACHABLE_CODE = YES;
				CLANG_WARN__DUPLICATE_METHOD_MATCH = YES;
				COPY_PHASE_STRIP = NO;
				DEBUG_INFORMATION_FORMAT = dwarf;
				ENABLE_STRICT_OBJC_MSGSEND = YES;
				ENABLE_TESTABILITY = YES;
				GCC_C_LANGUAGE_STANDARD = gnu11;
				GCC_DYNAMIC_NO_PIC = NO;
				GCC_NO_COMMON_BLOCKS = YES;
				GCC_OPTIMIZATION_LEVEL = 0;
				GCC_PREPROCESSOR_DEFINITIONS = (
					"DEBUG=1",
					"$(inherited)",
				);
				GCC_WARN_64_TO_32_BIT_CONVERSION = YES;
				GCC_WARN_ABOUT_RETURN_TYPE = YES_ERROR;
				GCC_WARN_UNDECLARED_SELECTOR = YES;
				GCC_WARN_UNINITIALIZED_AUTOS = YES_AGGRESSIVE;
				GCC_WARN_UNUSED_FUNCTION = YES;
				GCC_WARN_UNUSED_VARIABLE = YES;
				IPHONEOS_DEPLOYMENT_TARGET = 13.5;
				MTL_ENABLE_DEBUG_INFO = INCLUDE_SOURCE;
				MTL_FAST_MATH = YES;
				ONLY_ACTIVE_ARCH = YES;
				SDKROOT = iphoneos;
				SWIFT_ACTIVE_COMPILATION_CONDITIONS = DEBUG;
				SWIFT_OPTIMIZATION_LEVEL = "-Onone";
			};
			name = Debug;
		};
		64816318248E6BE000A8CE8D /* Release */ = {
			isa = XCBuildConfiguration;
			buildSettings = {
				ALWAYS_SEARCH_USER_PATHS = NO;
				CLANG_ANALYZER_NONNULL = YES;
				CLANG_ANALYZER_NUMBER_OBJECT_CONVERSION = YES_AGGRESSIVE;
				CLANG_CXX_LANGUAGE_STANDARD = "gnu++14";
				CLANG_CXX_LIBRARY = "libc++";
				CLANG_ENABLE_MODULES = YES;
				CLANG_ENABLE_OBJC_ARC = YES;
				CLANG_ENABLE_OBJC_WEAK = YES;
				CLANG_WARN_BLOCK_CAPTURE_AUTORELEASING = YES;
				CLANG_WARN_BOOL_CONVERSION = YES;
				CLANG_WARN_COMMA = YES;
				CLANG_WARN_CONSTANT_CONVERSION = YES;
				CLANG_WARN_DEPRECATED_OBJC_IMPLEMENTATIONS = YES;
				CLANG_WARN_DIRECT_OBJC_ISA_USAGE = YES_ERROR;
				CLANG_WARN_DOCUMENTATION_COMMENTS = YES;
				CLANG_WARN_EMPTY_BODY = YES;
				CLANG_WARN_ENUM_CONVERSION = YES;
				CLANG_WARN_INFINITE_RECURSION = YES;
				CLANG_WARN_INT_CONVERSION = YES;
				CLANG_WARN_NON_LITERAL_NULL_CONVERSION = YES;
				CLANG_WARN_OBJC_IMPLICIT_RETAIN_SELF = YES;
				CLANG_WARN_OBJC_LITERAL_CONVERSION = YES;
				CLANG_WARN_OBJC_ROOT_CLASS = YES_ERROR;
				CLANG_WARN_RANGE_LOOP_ANALYSIS = YES;
				CLANG_WARN_STRICT_PROTOTYPES = YES;
				CLANG_WARN_SUSPICIOUS_MOVE = YES;
				CLANG_WARN_UNGUARDED_AVAILABILITY = YES_AGGRESSIVE;
				CLANG_WARN_UNREACHABLE_CODE = YES;
				CLANG_WARN__DUPLICATE_METHOD_MATCH = YES;
				COPY_PHASE_STRIP = NO;
				DEBUG_INFORMATION_FORMAT = "dwarf-with-dsym";
				ENABLE_NS_ASSERTIONS = NO;
				ENABLE_STRICT_OBJC_MSGSEND = YES;
				GCC_C_LANGUAGE_STANDARD = gnu11;
				GCC_NO_COMMON_BLOCKS = YES;
				GCC_WARN_64_TO_32_BIT_CONVERSION = YES;
				GCC_WARN_ABOUT_RETURN_TYPE = YES_ERROR;
				GCC_WARN_UNDECLARED_SELECTOR = YES;
				GCC_WARN_UNINITIALIZED_AUTOS = YES_AGGRESSIVE;
				GCC_WARN_UNUSED_FUNCTION = YES;
				GCC_WARN_UNUSED_VARIABLE = YES;
				IPHONEOS_DEPLOYMENT_TARGET = 13.5;
				MTL_ENABLE_DEBUG_INFO = NO;
				MTL_FAST_MATH = YES;
				SDKROOT = iphoneos;
				SWIFT_COMPILATION_MODE = wholemodule;
				SWIFT_OPTIMIZATION_LEVEL = "-O";
				VALIDATE_PRODUCT = YES;
			};
			name = Release;
		};
		6481631A248E6BE000A8CE8D /* Debug */ = {
			isa = XCBuildConfiguration;
			buildSettings = {
				ASSETCATALOG_COMPILER_APPICON_NAME = AppIcon;
				CODE_SIGN_STYLE = Automatic;
				DEVELOPMENT_ASSET_PATHS = "\"ctydelivery/Preview Content\"";
				ENABLE_PREVIEWS = YES;
				INFOPLIST_FILE = ctydelivery/Info.plist;
				LD_RUNPATH_SEARCH_PATHS = (
					"$(inherited)",
					"@executable_path/Frameworks",
				);
				PRODUCT_BUNDLE_IDENTIFIER = com.ctydelivery;
				PRODUCT_NAME = "$(TARGET_NAME)";
				SWIFT_VERSION = 5.0;
				TARGETED_DEVICE_FAMILY = "1,2";
			};
			name = Debug;
		};
		6481631B248E6BE000A8CE8D /* Release */ = {
			isa = XCBuildConfiguration;
			buildSettings = {
				ASSETCATALOG_COMPILER_APPICON_NAME = AppIcon;
				CODE_SIGN_STYLE = Automatic;
				DEVELOPMENT_ASSET_PATHS = "\"ctydelivery/Preview Content\"";
				ENABLE_PREVIEWS = YES;
				INFOPLIST_FILE = ctydelivery/Info.plist;
				LD_RUNPATH_SEARCH_PATHS = (
					"$(inherited)",
					"@executable_path/Frameworks",
				);
				PRODUCT_BUNDLE_IDENTIFIER = com.ctydelivery;
				PRODUCT_NAME = "$(TARGET_NAME)";
				SWIFT_VERSION = 5.0;
				TARGETED_DEVICE_FAMILY = "1,2";
			};
			name = Release;
		};
		6481631D248E6BE000A8CE8D /* Debug */ = {
			isa = XCBuildConfiguration;
			buildSettings = {
				ALWAYS_EMBED_SWIFT_STANDARD_LIBRARIES = YES;
				BUNDLE_LOADER = "$(TEST_HOST)";
				CODE_SIGN_STYLE = Automatic;
				INFOPLIST_FILE = ctydeliveryTests/Info.plist;
				IPHONEOS_DEPLOYMENT_TARGET = 13.5;
				LD_RUNPATH_SEARCH_PATHS = (
					"$(inherited)",
					"@executable_path/Frameworks",
					"@loader_path/Frameworks",
				);
				PRODUCT_BUNDLE_IDENTIFIER = com.ctydeliveryTests;
				PRODUCT_NAME = "$(TARGET_NAME)";
				SWIFT_VERSION = 5.0;
				TARGETED_DEVICE_FAMILY = "1,2";
				TEST_HOST = "$(BUILT_PRODUCTS_DIR)/ctydelivery.app/ctydelivery";
			};
			name = Debug;
		};
		6481631E248E6BE000A8CE8D /* Release */ = {
			isa = XCBuildConfiguration;
			buildSettings = {
				ALWAYS_EMBED_SWIFT_STANDARD_LIBRARIES = YES;
				BUNDLE_LOADER = "$(TEST_HOST)";
				CODE_SIGN_STYLE = Automatic;
				INFOPLIST_FILE = ctydeliveryTests/Info.plist;
				IPHONEOS_DEPLOYMENT_TARGET = 13.5;
				LD_RUNPATH_SEARCH_PATHS = (
					"$(inherited)",
					"@executable_path/Frameworks",
					"@loader_path/Frameworks",
				);
				PRODUCT_BUNDLE_IDENTIFIER = com.ctydeliveryTests;
				PRODUCT_NAME = "$(TARGET_NAME)";
				SWIFT_VERSION = 5.0;
				TARGETED_DEVICE_FAMILY = "1,2";
				TEST_HOST = "$(BUILT_PRODUCTS_DIR)/ctydelivery.app/ctydelivery";
			};
			name = Release;
		};
		64816320248E6BE000A8CE8D /* Debug */ = {
			isa = XCBuildConfiguration;
			buildSettings = {
				ALWAYS_EMBED_SWIFT_STANDARD_LIBRARIES = YES;
				CODE_SIGN_STYLE = Automatic;
				INFOPLIST_FILE = ctydeliveryUITests/Info.plist;
				LD_RUNPATH_SEARCH_PATHS = (
					"$(inherited)",
					"@executable_path/Frameworks",
					"@loader_path/Frameworks",
				);
				PRODUCT_BUNDLE_IDENTIFIER = com.ctydeliveryUITests;
				PRODUCT_NAME = "$(TARGET_NAME)";
				SWIFT_VERSION = 5.0;
				TARGETED_DEVICE_FAMILY = "1,2";
				TEST_TARGET_NAME = ctydelivery;
			};
			name = Debug;
		};
		64816321248E6BE000A8CE8D /* Release */ = {
			isa = XCBuildConfiguration;
			buildSettings = {
				ALWAYS_EMBED_SWIFT_STANDARD_LIBRARIES = YES;
				CODE_SIGN_STYLE = Automatic;
				INFOPLIST_FILE = ctydeliveryUITests/Info.plist;
				LD_RUNPATH_SEARCH_PATHS = (
					"$(inherited)",
					"@executable_path/Frameworks",
					"@loader_path/Frameworks",
				);
				PRODUCT_BUNDLE_IDENTIFIER = com.ctydeliveryUITests;
				PRODUCT_NAME = "$(TARGET_NAME)";
				SWIFT_VERSION = 5.0;
				TARGETED_DEVICE_FAMILY = "1,2";
				TEST_TARGET_NAME = ctydelivery;
			};
			name = Release;
		};
/* End XCBuildConfiguration section */

/* Begin XCConfigurationList section */
		648162E7248E6BD600A8CE8D /* Build configuration list for PBXProject "ctydelivery" */ = {
			isa = XCConfigurationList;
			buildConfigurations = (
				64816317248E6BE000A8CE8D /* Debug */,
				64816318248E6BE000A8CE8D /* Release */,
			);
			defaultConfigurationIsVisible = 0;
			defaultConfigurationName = Release;
		};
		64816319248E6BE000A8CE8D /* Build configuration list for PBXNativeTarget "ctydelivery" */ = {
			isa = XCConfigurationList;
			buildConfigurations = (
				6481631A248E6BE000A8CE8D /* Debug */,
				6481631B248E6BE000A8CE8D /* Release */,
			);
			defaultConfigurationIsVisible = 0;
			defaultConfigurationName = Release;
		};
		6481631C248E6BE000A8CE8D /* Build configuration list for PBXNativeTarget "ctydeliveryTests" */ = {
			isa = XCConfigurationList;
			buildConfigurations = (
				6481631D248E6BE000A8CE8D /* Debug */,
				6481631E248E6BE000A8CE8D /* Release */,
			);
			defaultConfigurationIsVisible = 0;
			defaultConfigurationName = Release;
		};
		6481631F248E6BE000A8CE8D /* Build configuration list for PBXNativeTarget "ctydeliveryUITests" */ = {
			isa = XCConfigurationList;
			buildConfigurations = (
				64816320248E6BE000A8CE8D /* Debug */,
				64816321248E6BE000A8CE8D /* Release */,
			);
			defaultConfigurationIsVisible = 0;
			defaultConfigurationName = Release;
		};
/* End XCConfigurationList section */

/* Begin XCVersionGroup section */
		648162F3248E6BD600A8CE8D /* ctydelivery.xcdatamodeld */ = {
			isa = XCVersionGroup;
			children = (
				648162F4248E6BD600A8CE8D /* ctydelivery.xcdatamodel */,
			);
			currentVersion = 648162F4248E6BD600A8CE8D /* ctydelivery.xcdatamodel */;
			path = ctydelivery.xcdatamodeld;
			sourceTree = "<group>";
			versionGroupType = wrapper.xcdatamodel;
		};
/* End XCVersionGroup section */
	};
	rootObject = 648162E4248E6BD600A8CE8D /* Project object */;
}
